
Microsoft Visual Studio Solution File, Format Version 12.00
# Visual Studio Version 17
VisualStudioVersion = 17.5.002.0
MinimumVisualStudioVersion = 10.0.40219.1
Project("{9A19103F-16F7-4668-BE54-9A1E7A4F7556}") = "ConsoleApp1", "ConsoleApp1.csproj", "{FAC7ABEA-D509-4041-BAC0-D08C136EA4B0}"
EndProject
Global
	GlobalSection(SolutionConfigurationPlatforms) = preSolution
		Debug|Any CPU = Debug|Any CPU
		Release|Any CPU = Release|Any CPU
	EndGlobalSection
	GlobalSection(ProjectConfigurationPlatforms) = postSolution
		{FAC7ABEA-D509-4041-BAC0-D08C136EA4B0}.Debug|Any CPU.ActiveCfg = Debug|Any CPU
		{FAC7ABEA-D509-4041-BAC0-D08C136EA4B0}.Debug|Any CPU.Build.0 = Debug|Any CPU
		{FAC7ABEA-D509-4041-BAC0-D08C136EA4B0}.Release|Any CPU.ActiveCfg = Release|Any CPU
		{FAC7ABEA-D509-4041-BAC0-D08C136EA4B0}.Release|Any CPU.Build.0 = Release|Any CPU
	EndGlobalSection
	GlobalSection(SolutionProperties) = preSolution
		HideSolutionNode = FALSE
	EndGlobalSection
	GlobalSection(ExtensibilityGlobals) = postSolution
		SolutionGuid = {C1A9B598-17CB-4F67-A510-3FC33143FC18}
	EndGlobalSection
EndGlobal
